
Microsoft Visual Studio Solution File, Format Version 12.00
# Visual Studio 2013
VisualStudioVersion = 12.0.40629.0
MinimumVisualStudioVersion = 10.0.40219.1
Project("{2150E333-8FDC-42A3-9474-1A3956D46DE8}") = ".nuget", ".nuget", "{7DB0CF74-84C7-4870-990A-AC6F4D10F016}"
	ProjectSection(SolutionItems) = preProject
		.nuget\NuGet.Config = .nuget\NuGet.Config
		.nuget\NuGet.exe = .nuget\NuGet.exe
		.nuget\NuGet.targets = .nuget\NuGet.targets
	EndProjectSection
EndProject
Project("{FAE04EC0-301F-11D3-BF4B-00C04F79EFBC}") = "RamlSharp.Sample", "RamlSharp.Sample\RamlSharp.Sample.csproj", "{F93BE84A-CFD4-45D2-B75C-B99C8E5A10EA}"
EndProject
Project("{FAE04EC0-301F-11D3-BF4B-00C04F79EFBC}") = "RamlSharp", "RamlSharp\RamlSharp.csproj", "{F819C106-0D09-4624-81C5-ECDD39B4C1BF}"
EndProject
Project("{FAE04EC0-301F-11D3-BF4B-00C04F79EFBC}") = "RamlSharp.Test", "RamlSharp.Test\RamlSharp.Test.csproj", "{B927ED1B-62F0-4743-B117-641B330B7EAC}"
EndProject
Project("{F2A71F9B-5D33-465A-A702-920D77279786}") = "RamlSharp.FSharp", "RamlSharp.FSharp\RamlSharp.FSharp.fsproj", "{DEB293E8-D693-4465-B7EF-CB6BF0679CE3}"
EndProject
Global
	GlobalSection(SolutionConfigurationPlatforms) = preSolution
		Debug|Any CPU = Debug|Any CPU
		Release|Any CPU = Release|Any CPU
	EndGlobalSection
	GlobalSection(ProjectConfigurationPlatforms) = postSolution
		{F93BE84A-CFD4-45D2-B75C-B99C8E5A10EA}.Debug|Any CPU.ActiveCfg = Debug|Any CPU
		{F93BE84A-CFD4-45D2-B75C-B99C8E5A10EA}.Debug|Any CPU.Build.0 = Debug|Any CPU
		{F93BE84A-CFD4-45D2-B75C-B99C8E5A10EA}.Release|Any CPU.ActiveCfg = Release|Any CPU
		{F93BE84A-CFD4-45D2-B75C-B99C8E5A10EA}.Release|Any CPU.Build.0 = Release|Any CPU
		{F819C106-0D09-4624-81C5-ECDD39B4C1BF}.Debug|Any CPU.ActiveCfg = Debug|Any CPU
		{F819C106-0D09-4624-81C5-ECDD39B4C1BF}.Debug|Any CPU.Build.0 = Debug|Any CPU
		{F819C106-0D09-4624-81C5-ECDD39B4C1BF}.Release|Any CPU.ActiveCfg = Release|Any CPU
		{F819C106-0D09-4624-81C5-ECDD39B4C1BF}.Release|Any CPU.Build.0 = Release|Any CPU
		{B927ED1B-62F0-4743-B117-641B330B7EAC}.Debug|Any CPU.ActiveCfg = Debug|Any CPU
		{B927ED1B-62F0-4743-B117-641B330B7EAC}.Debug|Any CPU.Build.0 = Debug|Any CPU
		{B927ED1B-62F0-4743-B117-641B330B7EAC}.Release|Any CPU.ActiveCfg = Release|Any CPU
		{B927ED1B-62F0-4743-B117-641B330B7EAC}.Release|Any CPU.Build.0 = Release|Any CPU
		{DEB293E8-D693-4465-B7EF-CB6BF0679CE3}.Debug|Any CPU.ActiveCfg = Debug|Any CPU
		{DEB293E8-D693-4465-B7EF-CB6BF0679CE3}.Debug|Any CPU.Build.0 = Debug|Any CPU
		{DEB293E8-D693-4465-B7EF-CB6BF0679CE3}.Release|Any CPU.ActiveCfg = Release|Any CPU
		{DEB293E8-D693-4465-B7EF-CB6BF0679CE3}.Release|Any CPU.Build.0 = Release|Any CPU
	EndGlobalSection
	GlobalSection(SolutionProperties) = preSolution
		HideSolutionNode = FALSE
	EndGlobalSection
EndGlobal
